
Microsoft Visual Studio Solution File, Format Version 12.00
# Visual Studio 15
VisualStudioVersion = 15.0.27703.2047
MinimumVisualStudioVersion = 10.0.40219.1
Project("{FAE04EC0-301F-11D3-BF4B-00C04F79EFBC}") = "Ruler", "Ruler\Ruler.csproj", "{0C179313-19E7-4317-B2C5-6DBB0C7FF7C0}"
EndProject
Global
	GlobalSection(SolutionConfigurationPlatforms) = preSolution
		Debug|Any CPU = Debug|Any CPU
		Release|Any CPU = Release|Any CPU
	EndGlobalSection
	GlobalSection(ProjectConfigurationPlatforms) = postSolution
		{0C179313-19E7-4317-B2C5-6DBB0C7FF7C0}.Debug|Any CPU.ActiveCfg = Debug|Any CPU
		{0C179313-19E7-4317-B2C5-6DBB0C7FF7C0}.Debug|Any CPU.Build.0 = Debug|Any CPU
		{0C179313-19E7-4317-B2C5-6DBB0C7FF7C0}.Release|Any CPU.ActiveCfg = Release|Any CPU
		{0C179313-19E7-4317-B2C5-6DBB0C7FF7C0}.Release|Any CPU.Build.0 = Release|Any CPU
	EndGlobalSection
	GlobalSection(SolutionProperties) = preSolution
		HideSolutionNode = FALSE
	EndGlobalSection
	GlobalSection(ExtensibilityGlobals) = postSolution
		SolutionGuid = {A628A175-BA1F-4123-8886-A39A279760B4}
	EndGlobalSection
EndGlobal
