
Microsoft Visual Studio Solution File, Format Version 12.00
# Visual Studio 15
VisualStudioVersion = 15.0.27703.2047
MinimumVisualStudioVersion = 10.0.40219.1
Project("{FAE04EC0-301F-11D3-BF4B-00C04F79EFBC}") = "Estoque", "Estoque\Estoque.csproj", "{39C0C5E0-BE07-45A0-B4AE-BBE6FBDB569A}"
EndProject
Global
	GlobalSection(SolutionConfigurationPlatforms) = preSolution
		Debug|Any CPU = Debug|Any CPU
		Release|Any CPU = Release|Any CPU
	EndGlobalSection
	GlobalSection(ProjectConfigurationPlatforms) = postSolution
		{39C0C5E0-BE07-45A0-B4AE-BBE6FBDB569A}.Debug|Any CPU.ActiveCfg = Debug|Any CPU
		{39C0C5E0-BE07-45A0-B4AE-BBE6FBDB569A}.Debug|Any CPU.Build.0 = Debug|Any CPU
		{39C0C5E0-BE07-45A0-B4AE-BBE6FBDB569A}.Release|Any CPU.ActiveCfg = Release|Any CPU
		{39C0C5E0-BE07-45A0-B4AE-BBE6FBDB569A}.Release|Any CPU.Build.0 = Release|Any CPU
	EndGlobalSection
	GlobalSection(SolutionProperties) = preSolution
		HideSolutionNode = FALSE
	EndGlobalSection
	GlobalSection(ExtensibilityGlobals) = postSolution
		SolutionGuid = {3B3D7434-AB88-4886-93F1-F5D85313B09B}
	EndGlobalSection
EndGlobal
